
Microsoft Visual Studio Solution File, Format Version 12.00
# Visual Studio Version 16
VisualStudioVersion = 16.0.29613.14
MinimumVisualStudioVersion = 10.0.40219.1
Project("{9A19103F-16F7-4668-BE54-9A1E7A4F7556}") = "Sensor", "Sensor\Sensor.csproj", "{8FFF9435-FC00-467E-A9AD-6770BD2C0A2F}"
EndProject
Project("{9A19103F-16F7-4668-BE54-9A1E7A4F7556}") = "Agregator", "..\Agregator\Agregator\Agregator.csproj", "{BA955999-4FE5-4172-9E5F-91B1ACC3608C}"
EndProject
Project("{9A19103F-16F7-4668-BE54-9A1E7A4F7556}") = "Repository", "..\Repository\Repository\Repository.csproj", "{B6A2DB9E-B769-457B-A92B-5BA8AC0B4B23}"
EndProject
Project("{9A19103F-16F7-4668-BE54-9A1E7A4F7556}") = "Users", "..\Users\Users\Users.csproj", "{1FD3407D-5355-4D29-BA81-0EC63ADE7F81}"
EndProject
Project("{9A19103F-16F7-4668-BE54-9A1E7A4F7556}") = "ConsoleEF", "ConsoleEF\ConsoleEF.csproj", "{048E7528-0805-4477-8685-F8EE2A41EF71}"
EndProject
Global
	GlobalSection(SolutionConfigurationPlatforms) = preSolution
		Debug|Any CPU = Debug|Any CPU
		Release|Any CPU = Release|Any CPU
	EndGlobalSection
	GlobalSection(ProjectConfigurationPlatforms) = postSolution
		{8FFF9435-FC00-467E-A9AD-6770BD2C0A2F}.Debug|Any CPU.ActiveCfg = Debug|Any CPU
		{8FFF9435-FC00-467E-A9AD-6770BD2C0A2F}.Debug|Any CPU.Build.0 = Debug|Any CPU
		{8FFF9435-FC00-467E-A9AD-6770BD2C0A2F}.Release|Any CPU.ActiveCfg = Release|Any CPU
		{8FFF9435-FC00-467E-A9AD-6770BD2C0A2F}.Release|Any CPU.Build.0 = Release|Any CPU
		{BA955999-4FE5-4172-9E5F-91B1ACC3608C}.Debug|Any CPU.ActiveCfg = Debug|Any CPU
		{BA955999-4FE5-4172-9E5F-91B1ACC3608C}.Debug|Any CPU.Build.0 = Debug|Any CPU
		{BA955999-4FE5-4172-9E5F-91B1ACC3608C}.Release|Any CPU.ActiveCfg = Release|Any CPU
		{BA955999-4FE5-4172-9E5F-91B1ACC3608C}.Release|Any CPU.Build.0 = Release|Any CPU
		{B6A2DB9E-B769-457B-A92B-5BA8AC0B4B23}.Debug|Any CPU.ActiveCfg = Debug|Any CPU
		{B6A2DB9E-B769-457B-A92B-5BA8AC0B4B23}.Debug|Any CPU.Build.0 = Debug|Any CPU
		{B6A2DB9E-B769-457B-A92B-5BA8AC0B4B23}.Release|Any CPU.ActiveCfg = Release|Any CPU
		{B6A2DB9E-B769-457B-A92B-5BA8AC0B4B23}.Release|Any CPU.Build.0 = Release|Any CPU
		{1FD3407D-5355-4D29-BA81-0EC63ADE7F81}.Debug|Any CPU.ActiveCfg = Debug|Any CPU
		{1FD3407D-5355-4D29-BA81-0EC63ADE7F81}.Debug|Any CPU.Build.0 = Debug|Any CPU
		{1FD3407D-5355-4D29-BA81-0EC63ADE7F81}.Release|Any CPU.ActiveCfg = Release|Any CPU
		{1FD3407D-5355-4D29-BA81-0EC63ADE7F81}.Release|Any CPU.Build.0 = Release|Any CPU
		{048E7528-0805-4477-8685-F8EE2A41EF71}.Debug|Any CPU.ActiveCfg = Debug|Any CPU
		{048E7528-0805-4477-8685-F8EE2A41EF71}.Debug|Any CPU.Build.0 = Debug|Any CPU
		{048E7528-0805-4477-8685-F8EE2A41EF71}.Release|Any CPU.ActiveCfg = Release|Any CPU
		{048E7528-0805-4477-8685-F8EE2A41EF71}.Release|Any CPU.Build.0 = Release|Any CPU
	EndGlobalSection
	GlobalSection(SolutionProperties) = preSolution
		HideSolutionNode = FALSE
	EndGlobalSection
	GlobalSection(ExtensibilityGlobals) = postSolution
		SolutionGuid = {E5C6F6A2-6EF7-4783-9D01-3017E8663885}
	EndGlobalSection
EndGlobal
